
Microsoft Visual Studio Solution File, Format Version 12.00
# Visual Studio Version 17
VisualStudioVersion = 17.1.32228.430
MinimumVisualStudioVersion = 10.0.40219.1
Project("{9A19103F-16F7-4668-BE54-9A1E7A4F7556}") = "IndustriellMaskinpark", "IndustriellMaskinpark\IndustriellMaskinpark.csproj", "{B149FB04-9E76-4A48-8480-6E08DEB1D50A}"
EndProject
Project("{FAE04EC0-301F-11D3-BF4B-00C04F79EFBC}") = "MaskinPark.Shared", "MaskinPark.Shared\MaskinPark.Shared.csproj", "{63E00F25-CA0F-4268-9290-9DB47FDBB338}"
EndProject
Global
	GlobalSection(SolutionConfigurationPlatforms) = preSolution
		Debug|Any CPU = Debug|Any CPU
		Release|Any CPU = Release|Any CPU
	EndGlobalSection
	GlobalSection(ProjectConfigurationPlatforms) = postSolution
		{B149FB04-9E76-4A48-8480-6E08DEB1D50A}.Debug|Any CPU.ActiveCfg = Debug|Any CPU
		{B149FB04-9E76-4A48-8480-6E08DEB1D50A}.Debug|Any CPU.Build.0 = Debug|Any CPU
		{B149FB04-9E76-4A48-8480-6E08DEB1D50A}.Release|Any CPU.ActiveCfg = Release|Any CPU
		{B149FB04-9E76-4A48-8480-6E08DEB1D50A}.Release|Any CPU.Build.0 = Release|Any CPU
		{63E00F25-CA0F-4268-9290-9DB47FDBB338}.Debug|Any CPU.ActiveCfg = Debug|Any CPU
		{63E00F25-CA0F-4268-9290-9DB47FDBB338}.Debug|Any CPU.Build.0 = Debug|Any CPU
		{63E00F25-CA0F-4268-9290-9DB47FDBB338}.Release|Any CPU.ActiveCfg = Release|Any CPU
		{63E00F25-CA0F-4268-9290-9DB47FDBB338}.Release|Any CPU.Build.0 = Release|Any CPU
	EndGlobalSection
	GlobalSection(SolutionProperties) = preSolution
		HideSolutionNode = FALSE
	EndGlobalSection
	GlobalSection(ExtensibilityGlobals) = postSolution
		SolutionGuid = {E877E89F-9554-4057-AC1C-90E7156B0B3A}
	EndGlobalSection
EndGlobal
